PODS:
  - Flutter (1.0.0)
  - flutter_archive (0.0.1):
    - Flutter
    - ZIPFoundation (= 0.9.11)
  - flutter_inappwebview (0.0.1):
    - Flutter
  - just_audio (0.0.1):
    - Flutter
  - path_provider (0.0.1):
    - Flutter
  - webview_flutter (0.0.1):
    - Flutter
  - ZIPFoundation (0.9.11)

DEPENDENCIES:
  - Flutter (from `Flutter`)
  - flutter_archive (from `.symlinks/plugins/flutter_archive/ios`)
  - flutter_inappwebview (from `.symlinks/plugins/flutter_inappwebview/ios`)
  - just_audio (from `.symlinks/plugins/just_audio/ios`)
  - path_provider (from `.symlinks/plugins/path_provider/ios`)
  - webview_flutter (from `.symlinks/plugins/webview_flutter/ios`)

SPEC REPOS:
  trunk:
    - ZIPFoundation

EXTERNAL SOURCES:
  Flutter:
    :path: Flutter
  flutter_archive:
    :path: ".symlinks/plugins/flutter_archive/ios"
  flutter_inappwebview:
    :path: ".symlinks/plugins/flutter_inappwebview/ios"
  just_audio:
    :path: ".symlinks/plugins/just_audio/ios"
  path_provider:
    :path: ".symlinks/plugins/path_provider/ios"
  webview_flutter:
    :path: ".symlinks/plugins/webview_flutter/ios"

SPEC CHECKSUMS:
  Flutter: 0e3d915762c693b495b44d77113d4970485de6ec
  flutter_archive: 47fe3c4d4c74c5fb58196c44d5e6369b37acd1dd
  flutter_inappwebview: 69dfbac46157b336ffbec19ca6dfd4638c7bf189
  just_audio: baa7252489dbcf47a4c7cc9ca663e9661c99aafa
  path_provider: abfe2b5c733d04e238b0d8691db0cfd63a27a93c
  webview_flutter: d2b4d6c66968ad042ad94cbb791f5b72b4678a96
  ZIPFoundation: b1f0de4eed33e74a676f76e12559ab6b75990197

PODFILE CHECKSUM: fe0e1ee7f3d1f7d00b11b474b62dd62134535aea

COCOAPODS: 1.9.3
